
Microsoft Visual Studio Solution File, Format Version 12.00
# Visual Studio 15
VisualStudioVersion = 15.0.28307.168
MinimumVisualStudioVersion = 12.0.30501.0
Project("{8BC9CEB8-8B4A-11D0-8D11-00A0C91BC942}") = "libiconv", "libiconv.vcxproj", "{CB8BB76F-D3FF-434E-A85E-7FFC0893EC9B}"
EndProject
Global
	GlobalSection(SolutionConfigurationPlatforms) = preSolution
		Debug|ARM = Debug|ARM
		Debug|ARM64 = Debug|ARM64
		Debug|x64 = Debug|x64
		Debug|x86 = Debug|x86
		DebugDLL|ARM = DebugDLL|ARM
		DebugDLL|ARM64 = DebugDLL|ARM64
		DebugDLL|x64 = DebugDLL|x64
		DebugDLL|x86 = DebugDLL|x86
		DebugDLLWinRT|ARM = DebugDLLWinRT|ARM
		DebugDLLWinRT|ARM64 = DebugDLLWinRT|ARM64
		DebugDLLWinRT|x64 = DebugDLLWinRT|x64
		DebugDLLWinRT|x86 = DebugDLLWinRT|x86
		DebugWinRT|ARM = DebugWinRT|ARM
		DebugWinRT|ARM64 = DebugWinRT|ARM64
		DebugWinRT|x64 = DebugWinRT|x64
		DebugWinRT|x86 = DebugWinRT|x86
		Release|ARM = Release|ARM
		Release|ARM64 = Release|ARM64
		Release|x64 = Release|x64
		Release|x86 = Release|x86
		ReleaseDLL|ARM = ReleaseDLL|ARM
		ReleaseDLL|ARM64 = ReleaseDLL|ARM64
		ReleaseDLL|x64 = ReleaseDLL|x64
		ReleaseDLL|x86 = ReleaseDLL|x86
		ReleaseDLLWinRT|ARM = ReleaseDLLWinRT|ARM
		ReleaseDLLWinRT|ARM64 = ReleaseDLLWinRT|ARM64
		ReleaseDLLWinRT|x64 = ReleaseDLLWinRT|x64
		ReleaseDLLWinRT|x86 = ReleaseDLLWinRT|x86
		ReleaseWinRT|ARM = ReleaseWinRT|ARM
		ReleaseWinRT|ARM64 = ReleaseWinRT|ARM64
		ReleaseWinRT|x64 = ReleaseWinRT|x64
		ReleaseWinRT|x86 = ReleaseWinRT|x86
	EndGlobalSection
	GlobalSection(ProjectConfigurationPlatforms) = postSolution
		{CB8BB76F-D3FF-434E-A85E-7FFC0893EC9B}.Debug|ARM.ActiveCfg = Debug|ARM
		{CB8BB76F-D3FF-434E-A85E-7FFC0893EC9B}.Debug|ARM.Build.0 = Debug|ARM
		{CB8BB76F-D3FF-434E-A85E-7FFC0893EC9B}.Debug|ARM64.ActiveCfg = Debug|ARM64
		{CB8BB76F-D3FF-434E-A85E-7FFC0893EC9B}.Debug|ARM64.Build.0 = Debug|ARM64
		{CB8BB76F-D3FF-434E-A85E-7FFC0893EC9B}.Debug|x64.ActiveCfg = Debug|x64
		{CB8BB76F-D3FF-434E-A85E-7FFC0893EC9B}.Debug|x64.Build.0 = Debug|x64
		{CB8BB76F-D3FF-434E-A85E-7FFC0893EC9B}.Debug|x86.ActiveCfg = Debug|Win32
		{CB8BB76F-D3FF-434E-A85E-7FFC0893EC9B}.Debug|x86.Build.0 = Debug|Win32
		{CB8BB76F-D3FF-434E-A85E-7FFC0893EC9B}.DebugDLL|ARM.ActiveCfg = DebugDLL|ARM
		{CB8BB76F-D3FF-434E-A85E-7FFC0893EC9B}.DebugDLL|ARM.Build.0 = DebugDLL|ARM
		{CB8BB76F-D3FF-434E-A85E-7FFC0893EC9B}.DebugDLL|ARM64.ActiveCfg = DebugDLL|ARM64
		{CB8BB76F-D3FF-434E-A85E-7FFC0893EC9B}.DebugDLL|ARM64.Build.0 = DebugDLL|ARM64
		{CB8BB76F-D3FF-434E-A85E-7FFC0893EC9B}.DebugDLL|x64.ActiveCfg = DebugDLL|x64
		{CB8BB76F-D3FF-434E-A85E-7FFC0893EC9B}.DebugDLL|x64.Build.0 = DebugDLL|x64
		{CB8BB76F-D3FF-434E-A85E-7FFC0893EC9B}.DebugDLL|x86.ActiveCfg = DebugDLL|Win32
		{CB8BB76F-D3FF-434E-A85E-7FFC0893EC9B}.DebugDLL|x86.Build.0 = DebugDLL|Win32
		{CB8BB76F-D3FF-434E-A85E-7FFC0893EC9B}.DebugDLLWinRT|ARM.ActiveCfg = DebugDLLWinRT|ARM
		{CB8BB76F-D3FF-434E-A85E-7FFC0893EC9B}.DebugDLLWinRT|ARM.Build.0 = DebugDLLWinRT|ARM
		{CB8BB76F-D3FF-434E-A85E-7FFC0893EC9B}.DebugDLLWinRT|ARM64.ActiveCfg = DebugDLLWinRT|ARM64
		{CB8BB76F-D3FF-434E-A85E-7FFC0893EC9B}.DebugDLLWinRT|ARM64.Build.0 = DebugDLLWinRT|ARM64
		{CB8BB76F-D3FF-434E-A85E-7FFC0893EC9B}.DebugDLLWinRT|x64.ActiveCfg = DebugDLLWinRT|x64
		{CB8BB76F-D3FF-434E-A85E-7FFC0893EC9B}.DebugDLLWinRT|x64.Build.0 = DebugDLLWinRT|x64
		{CB8BB76F-D3FF-434E-A85E-7FFC0893EC9B}.DebugDLLWinRT|x86.ActiveCfg = DebugDLLWinRT|Win32
		{CB8BB76F-D3FF-434E-A85E-7FFC0893EC9B}.DebugDLLWinRT|x86.Build.0 = DebugDLLWinRT|Win32
		{CB8BB76F-D3FF-434E-A85E-7FFC0893EC9B}.DebugWinRT|ARM.ActiveCfg = DebugWinRT|ARM
		{CB8BB76F-D3FF-434E-A85E-7FFC0893EC9B}.DebugWinRT|ARM.Build.0 = DebugWinRT|ARM
		{CB8BB76F-D3FF-434E-A85E-7FFC0893EC9B}.DebugWinRT|ARM64.ActiveCfg = DebugWinRT|ARM64
		{CB8BB76F-D3FF-434E-A85E-7FFC0893EC9B}.DebugWinRT|ARM64.Build.0 = DebugWinRT|ARM64
		{CB8BB76F-D3FF-434E-A85E-7FFC0893EC9B}.DebugWinRT|x64.ActiveCfg = DebugWinRT|x64
		{CB8BB76F-D3FF-434E-A85E-7FFC0893EC9B}.DebugWinRT|x64.Build.0 = DebugWinRT|x64
		{CB8BB76F-D3FF-434E-A85E-7FFC0893EC9B}.DebugWinRT|x86.ActiveCfg = DebugWinRT|Win32
		{CB8BB76F-D3FF-434E-A85E-7FFC0893EC9B}.DebugWinRT|x86.Build.0 = DebugWinRT|Win32
		{CB8BB76F-D3FF-434E-A85E-7FFC0893EC9B}.Release|ARM.ActiveCfg = Release|ARM
		{CB8BB76F-D3FF-434E-A85E-7FFC0893EC9B}.Release|ARM.Build.0 = Release|ARM
		{CB8BB76F-D3FF-434E-A85E-7FFC0893EC9B}.Release|ARM64.ActiveCfg = Release|ARM64
		{CB8BB76F-D3FF-434E-A85E-7FFC0893EC9B}.Release|ARM64.Build.0 = Release|ARM64
		{CB8BB76F-D3FF-434E-A85E-7FFC0893EC9B}.Release|x64.ActiveCfg = Release|x64
		{CB8BB76F-D3FF-434E-A85E-7FFC0893EC9B}.Release|x64.Build.0 = Release|x64
		{CB8BB76F-D3FF-434E-A85E-7FFC0893EC9B}.Release|x86.ActiveCfg = Release|Win32
		{CB8BB76F-D3FF-434E-A85E-7FFC0893EC9B}.Release|x86.Build.0 = Release|Win32
		{CB8BB76F-D3FF-434E-A85E-7FFC0893EC9B}.ReleaseDLL|ARM.ActiveCfg = ReleaseDLL|ARM
		{CB8BB76F-D3FF-434E-A85E-7FFC0893EC9B}.ReleaseDLL|ARM.Build.0 = ReleaseDLL|ARM
		{CB8BB76F-D3FF-434E-A85E-7FFC0893EC9B}.ReleaseDLL|ARM64.ActiveCfg = ReleaseDLL|ARM64
		{CB8BB76F-D3FF-434E-A85E-7FFC0893EC9B}.ReleaseDLL|ARM64.Build.0 = ReleaseDLL|ARM64
		{CB8BB76F-D3FF-434E-A85E-7FFC0893EC9B}.ReleaseDLL|x64.ActiveCfg = ReleaseDLL|x64
		{CB8BB76F-D3FF-434E-A85E-7FFC0893EC9B}.ReleaseDLL|x64.Build.0 = ReleaseDLL|x64
		{CB8BB76F-D3FF-434E-A85E-7FFC0893EC9B}.ReleaseDLL|x86.ActiveCfg = ReleaseDLL|Win32
		{CB8BB76F-D3FF-434E-A85E-7FFC0893EC9B}.ReleaseDLL|x86.Build.0 = ReleaseDLL|Win32
		{CB8BB76F-D3FF-434E-A85E-7FFC0893EC9B}.ReleaseDLLWinRT|ARM.ActiveCfg = ReleaseDLLWinRT|ARM
		{CB8BB76F-D3FF-434E-A85E-7FFC0893EC9B}.ReleaseDLLWinRT|ARM.Build.0 = ReleaseDLLWinRT|ARM
		{CB8BB76F-D3FF-434E-A85E-7FFC0893EC9B}.ReleaseDLLWinRT|ARM64.ActiveCfg = ReleaseDLLWinRT|ARM64
		{CB8BB76F-D3FF-434E-A85E-7FFC0893EC9B}.ReleaseDLLWinRT|ARM64.Build.0 = ReleaseDLLWinRT|ARM64
		{CB8BB76F-D3FF-434E-A85E-7FFC0893EC9B}.ReleaseDLLWinRT|x64.ActiveCfg = ReleaseDLLWinRT|x64
		{CB8BB76F-D3FF-434E-A85E-7FFC0893EC9B}.ReleaseDLLWinRT|x64.Build.0 = ReleaseDLLWinRT|x64
		{CB8BB76F-D3FF-434E-A85E-7FFC0893EC9B}.ReleaseDLLWinRT|x86.ActiveCfg = ReleaseDLLWinRT|Win32
		{CB8BB76F-D3FF-434E-A85E-7FFC0893EC9B}.ReleaseDLLWinRT|x86.Build.0 = ReleaseDLLWinRT|Win32
		{CB8BB76F-D3FF-434E-A85E-7FFC0893EC9B}.ReleaseWinRT|ARM.ActiveCfg = ReleaseWinRT|ARM
		{CB8BB76F-D3FF-434E-A85E-7FFC0893EC9B}.ReleaseWinRT|ARM.Build.0 = ReleaseWinRT|ARM
		{CB8BB76F-D3FF-434E-A85E-7FFC0893EC9B}.ReleaseWinRT|ARM64.ActiveCfg = ReleaseWinRT|ARM64
		{CB8BB76F-D3FF-434E-A85E-7FFC0893EC9B}.ReleaseWinRT|ARM64.Build.0 = ReleaseWinRT|ARM64
		{CB8BB76F-D3FF-434E-A85E-7FFC0893EC9B}.ReleaseWinRT|x64.ActiveCfg = ReleaseWinRT|x64
		{CB8BB76F-D3FF-434E-A85E-7FFC0893EC9B}.ReleaseWinRT|x64.Build.0 = ReleaseWinRT|x64
		{CB8BB76F-D3FF-434E-A85E-7FFC0893EC9B}.ReleaseWinRT|x86.ActiveCfg = ReleaseWinRT|Win32
		{CB8BB76F-D3FF-434E-A85E-7FFC0893EC9B}.ReleaseWinRT|x86.Build.0 = ReleaseWinRT|Win32
	EndGlobalSection
	GlobalSection(SolutionProperties) = preSolution
		HideSolutionNode = FALSE
	EndGlobalSection
	GlobalSection(ExtensibilityGlobals) = postSolution
		SolutionGuid = {73EF6F97-FCC3-4D8D-BFF3-E03306BE5847}
	EndGlobalSection
EndGlobal
